
Microsoft Visual Studio Solution File, Format Version 12.00
# Visual Studio Version 17
VisualStudioVersion = 17.6.33815.320
MinimumVisualStudioVersion = 10.0.40219.1
Project("{FAE04EC0-301F-11D3-BF4B-00C04F79EFBC}") = "APODesktop", "APODesktop\APODesktop.csproj", "{59BD8320-7888-4E96-8E38-640AFA61039F}"
EndProject
Global
	GlobalSection(SolutionConfigurationPlatforms) = preSolution
		Debug|Any CPU = Debug|Any CPU
		Release|Any CPU = Release|Any CPU
	EndGlobalSection
	GlobalSection(ProjectConfigurationPlatforms) = postSolution
		{59BD8320-7888-4E96-8E38-640AFA61039F}.Debug|Any CPU.ActiveCfg = Debug|Any CPU
		{59BD8320-7888-4E96-8E38-640AFA61039F}.Debug|Any CPU.Build.0 = Debug|Any CPU
		{59BD8320-7888-4E96-8E38-640AFA61039F}.Release|Any CPU.ActiveCfg = Release|Any CPU
		{59BD8320-7888-4E96-8E38-640AFA61039F}.Release|Any CPU.Build.0 = Release|Any CPU
	EndGlobalSection
	GlobalSection(SolutionProperties) = preSolution
		HideSolutionNode = FALSE
	EndGlobalSection
	GlobalSection(ExtensibilityGlobals) = postSolution
		SolutionGuid = {D7D29F32-EFC9-4EF0-8442-DDEDAC7DF603}
	EndGlobalSection
EndGlobal
